
Microsoft Visual Studio Solution File, Format Version 12.00
# Visual Studio Version 17
VisualStudioVersion = 17.0.31903.59
MinimumVisualStudioVersion = 10.0.40219.1
Project("{2150E333-8FDC-42A3-9474-1A3956D46DE8}") = "Docs", "Docs", "{827F277F-E8AD-4CDE-B081-8139899C3510}"
EndProject
Project("{FAE04EC0-301F-11D3-BF4B-00C04F79EFBC}") = "PoolDinner.Application", "PoolDinner.Application\PoolDinner.Application.csproj", "{A77C4749-089A-4B85-9A08-C4B613CB1C3E}"
EndProject
Project("{FAE04EC0-301F-11D3-BF4B-00C04F79EFBC}") = "PoolDinner.Contracts", "PoolDinner.Contracts\PoolDinner.Contracts.csproj", "{564ACFBC-9CB2-4BBF-A510-4D71F55CB703}"
EndProject
Project("{FAE04EC0-301F-11D3-BF4B-00C04F79EFBC}") = "PoolDinner.Domain", "PoolDinner.Domain\PoolDinner.Domain.csproj", "{D43DE6B1-CD62-4FA6-9A28-7BEA1FA66F77}"
EndProject
Project("{FAE04EC0-301F-11D3-BF4B-00C04F79EFBC}") = "PoolDinner.Infrastructure", "PoolDinner.Infrastructure\PoolDinner.Infrastructure.csproj", "{0D0F1E63-B3E9-4B75-A868-8FC82BB4B820}"
EndProject
Project("{FAE04EC0-301F-11D3-BF4B-00C04F79EFBC}") = "PoolDinner.Api", "PoolDinner.Api\PoolDinner.Api.csproj", "{24504AC3-338C-4FA1-BE60-732FF3E26F06}"
EndProject
Project("{2150E333-8FDC-42A3-9474-1A3956D46DE8}") = "src", "src", "{5524AA65-54E6-4E1A-BD29-C6DB5535C4B7}"
EndProject
Project("{2150E333-8FDC-42A3-9474-1A3956D46DE8}") = "tests", "tests", "{6500536E-4466-44E8-B45E-CB90ABBB4E97}"
EndProject
Project("{2150E333-8FDC-42A3-9474-1A3956D46DE8}") = "UnitTests", "UnitTests", "{620C56F1-71DE-459D-8ACB-6717C27A03BD}"
EndProject
Project("{2150E333-8FDC-42A3-9474-1A3956D46DE8}") = "AcceptanceTests", "AcceptanceTests", "{147111D7-0715-477D-BCDB-9B9CBE2797A7}"
EndProject
Project("{2150E333-8FDC-42A3-9474-1A3956D46DE8}") = "FunctionalTests", "FunctionalTests", "{59103453-9582-465C-8B53-EA1705169788}"
EndProject
Project("{2150E333-8FDC-42A3-9474-1A3956D46DE8}") = "EndToEndTests", "EndToEndTests", "{5BBC61D0-4FC9-4BA7-B14C-9C08A5547A0B}"
EndProject
Project("{2150E333-8FDC-42A3-9474-1A3956D46DE8}") = "IntegrationTests", "IntegrationTests", "{943CEEBA-24BB-4473-AD94-6BF9570E9A4E}"
EndProject
Global
	GlobalSection(SolutionConfigurationPlatforms) = preSolution
		Debug|Any CPU = Debug|Any CPU
		Release|Any CPU = Release|Any CPU
	EndGlobalSection
	GlobalSection(SolutionProperties) = preSolution
		HideSolutionNode = FALSE
	EndGlobalSection
	GlobalSection(ProjectConfigurationPlatforms) = postSolution
		{A77C4749-089A-4B85-9A08-C4B613CB1C3E}.Debug|Any CPU.ActiveCfg = Debug|Any CPU
		{A77C4749-089A-4B85-9A08-C4B613CB1C3E}.Debug|Any CPU.Build.0 = Debug|Any CPU
		{A77C4749-089A-4B85-9A08-C4B613CB1C3E}.Release|Any CPU.ActiveCfg = Release|Any CPU
		{A77C4749-089A-4B85-9A08-C4B613CB1C3E}.Release|Any CPU.Build.0 = Release|Any CPU
		{564ACFBC-9CB2-4BBF-A510-4D71F55CB703}.Debug|Any CPU.ActiveCfg = Debug|Any CPU
		{564ACFBC-9CB2-4BBF-A510-4D71F55CB703}.Debug|Any CPU.Build.0 = Debug|Any CPU
		{564ACFBC-9CB2-4BBF-A510-4D71F55CB703}.Release|Any CPU.ActiveCfg = Release|Any CPU
		{564ACFBC-9CB2-4BBF-A510-4D71F55CB703}.Release|Any CPU.Build.0 = Release|Any CPU
		{D43DE6B1-CD62-4FA6-9A28-7BEA1FA66F77}.Debug|Any CPU.ActiveCfg = Debug|Any CPU
		{D43DE6B1-CD62-4FA6-9A28-7BEA1FA66F77}.Debug|Any CPU.Build.0 = Debug|Any CPU
		{D43DE6B1-CD62-4FA6-9A28-7BEA1FA66F77}.Release|Any CPU.ActiveCfg = Release|Any CPU
		{D43DE6B1-CD62-4FA6-9A28-7BEA1FA66F77}.Release|Any CPU.Build.0 = Release|Any CPU
		{0D0F1E63-B3E9-4B75-A868-8FC82BB4B820}.Debug|Any CPU.ActiveCfg = Debug|Any CPU
		{0D0F1E63-B3E9-4B75-A868-8FC82BB4B820}.Debug|Any CPU.Build.0 = Debug|Any CPU
		{0D0F1E63-B3E9-4B75-A868-8FC82BB4B820}.Release|Any CPU.ActiveCfg = Release|Any CPU
		{0D0F1E63-B3E9-4B75-A868-8FC82BB4B820}.Release|Any CPU.Build.0 = Release|Any CPU
		{24504AC3-338C-4FA1-BE60-732FF3E26F06}.Debug|Any CPU.ActiveCfg = Debug|Any CPU
		{24504AC3-338C-4FA1-BE60-732FF3E26F06}.Debug|Any CPU.Build.0 = Debug|Any CPU
		{24504AC3-338C-4FA1-BE60-732FF3E26F06}.Release|Any CPU.ActiveCfg = Release|Any CPU
		{24504AC3-338C-4FA1-BE60-732FF3E26F06}.Release|Any CPU.Build.0 = Release|Any CPU
	EndGlobalSection
	GlobalSection(NestedProjects) = preSolution
		{24504AC3-338C-4FA1-BE60-732FF3E26F06} = {5524AA65-54E6-4E1A-BD29-C6DB5535C4B7}
		{A77C4749-089A-4B85-9A08-C4B613CB1C3E} = {5524AA65-54E6-4E1A-BD29-C6DB5535C4B7}
		{564ACFBC-9CB2-4BBF-A510-4D71F55CB703} = {5524AA65-54E6-4E1A-BD29-C6DB5535C4B7}
		{D43DE6B1-CD62-4FA6-9A28-7BEA1FA66F77} = {5524AA65-54E6-4E1A-BD29-C6DB5535C4B7}
		{0D0F1E63-B3E9-4B75-A868-8FC82BB4B820} = {5524AA65-54E6-4E1A-BD29-C6DB5535C4B7}
		{620C56F1-71DE-459D-8ACB-6717C27A03BD} = {6500536E-4466-44E8-B45E-CB90ABBB4E97}
		{147111D7-0715-477D-BCDB-9B9CBE2797A7} = {6500536E-4466-44E8-B45E-CB90ABBB4E97}
		{59103453-9582-465C-8B53-EA1705169788} = {6500536E-4466-44E8-B45E-CB90ABBB4E97}
		{5BBC61D0-4FC9-4BA7-B14C-9C08A5547A0B} = {6500536E-4466-44E8-B45E-CB90ABBB4E97}
		{943CEEBA-24BB-4473-AD94-6BF9570E9A4E} = {6500536E-4466-44E8-B45E-CB90ABBB4E97}
	EndGlobalSection
EndGlobal
