
Microsoft Visual Studio Solution File, Format Version 12.00
# Visual Studio Version 16
VisualStudioVersion = 25.0.1706.0
MinimumVisualStudioVersion = 10.0.40219.1
Project("{FAE04EC0-301F-11D3-BF4B-00C04F79EFBC}") = "BuberDinner.Api", "BuberDinner.Api.csproj", "{CC9A0981-9F12-476D-A9D1-9CFA3FA82CCB}"
EndProject
Global
	GlobalSection(SolutionConfigurationPlatforms) = preSolution
		Debug|Any CPU = Debug|Any CPU
		Release|Any CPU = Release|Any CPU
	EndGlobalSection
	GlobalSection(ProjectConfigurationPlatforms) = postSolution
		{CC9A0981-9F12-476D-A9D1-9CFA3FA82CCB}.Debug|Any CPU.ActiveCfg = Debug|Any CPU
		{CC9A0981-9F12-476D-A9D1-9CFA3FA82CCB}.Debug|Any CPU.Build.0 = Debug|Any CPU
		{CC9A0981-9F12-476D-A9D1-9CFA3FA82CCB}.Release|Any CPU.ActiveCfg = Release|Any CPU
		{CC9A0981-9F12-476D-A9D1-9CFA3FA82CCB}.Release|Any CPU.Build.0 = Release|Any CPU
	EndGlobalSection
	GlobalSection(SolutionProperties) = preSolution
		HideSolutionNode = FALSE
	EndGlobalSection
	GlobalSection(ExtensibilityGlobals) = postSolution
		SolutionGuid = {66DEDCF7-7AB3-4C8E-9ADA-59A611BA16F4}
	EndGlobalSection
EndGlobal
